
Microsoft Visual Studio Solution File, Format Version 11.00
# Visual Studio 2010
Project("{E24C65DC-7377-472B-9ABA-BC803B73C61A}") = "MTETimeTable", ".", "{04BC2D61-3218-4F1A-BD1C-DE7AA9792CAA}"
	ProjectSection(WebsiteProperties) = preProject
		TargetFrameworkMoniker = ".NETFramework,Version%3Dv4.0"
		Debug.AspNetCompiler.VirtualPath = "/MTETimeTable"
		Debug.AspNetCompiler.PhysicalPath = "..\MTETimeTable\"
		Debug.AspNetCompiler.TargetPath = "PrecompiledWeb\MTETimeTable\"
		Debug.AspNetCompiler.Updateable = "true"
		Debug.AspNetCompiler.ForceOverwrite = "true"
		Debug.AspNetCompiler.FixedNames = "false"
		Debug.AspNetCompiler.Debug = "True"
		Release.AspNetCompiler.VirtualPath = "/MTETimeTable"
		Release.AspNetCompiler.PhysicalPath = "..\MTETimeTable\"
		Release.AspNetCompiler.TargetPath = "PrecompiledWeb\MTETimeTable\"
		Release.AspNetCompiler.Updateable = "true"
		Release.AspNetCompiler.ForceOverwrite = "true"
		Release.AspNetCompiler.FixedNames = "false"
		Release.AspNetCompiler.Debug = "False"
		VWDPort = "2989"
		DefaultWebSiteLanguage = "Visual C#"
	EndProjectSection
EndProject
Global
	GlobalSection(SolutionConfigurationPlatforms) = preSolution
		Debug|Any CPU = Debug|Any CPU
	EndGlobalSection
	GlobalSection(ProjectConfigurationPlatforms) = postSolution
		{04BC2D61-3218-4F1A-BD1C-DE7AA9792CAA}.Debug|Any CPU.ActiveCfg = Debug|Any CPU
		{04BC2D61-3218-4F1A-BD1C-DE7AA9792CAA}.Debug|Any CPU.Build.0 = Debug|Any CPU
	EndGlobalSection
	GlobalSection(SolutionProperties) = preSolution
		HideSolutionNode = FALSE
	EndGlobalSection
EndGlobal
